{
  "object": {
    "pins": [
      {
        "package": "DiffableDataSources",
        "repositoryURL": "https://github.com/ra1028/DiffableDataSources.git",
        "state": {
          "branch": null,
          "revision": "581b4f8d1634e83c6b33caaafdc6a115a74650c3",
          "version": "0.4.0"
        }
      },
      {
        "package": "DifferenceKit",
        "repositoryURL": "https://github.com/ra1028/DifferenceKit.git",
        "state": {
          "branch": null,
          "revision": "14c66681e12a38b81045f44c6c29724a0d4b0e72",
          "version": "1.1.5"
        }
      },
      {
        "package": "Realm",
        "repositoryURL": "https://github.com/realm/realm-cocoa.git",
        "state": {
          "branch": null,
          "revision": "b481f2cc637bd101a03dba52ad1bef6eadfdac9f",
          "version": "10.7.5"
        }
      },
      {
        "package": "RealmDatabase",
        "repositoryURL": "https://github.com/realm/realm-core",
        "state": {
          "branch": null,
          "revision": "28ed052d10d2245542b4fbdc71d388febb1e9bc4",
          "version": "10.6.0"
        }
      }
    ]
  },
  "version": 1
}
