// !$*UTF8*$!
{
	archiveVersion = 1;
	classes = {
	};
	objectVersion = 52;
	objects = {

/* Begin PBXBuildFile section */
		4C698BCB26485873008E6E41 /* AppDelegate.swift in Sources */ = {isa = PBXBuildFile; fileRef = 4C698BCA26485873008E6E41 /* AppDelegate.swift */; };
		4C698BD426485874008E6E41 /* Assets.xcassets in Resources */ = {isa = PBXBuildFile; fileRef = 4C698BD326485874008E6E41 /* Assets.xcassets */; };
		4C698BD726485874008E6E41 /* LaunchScreen.storyboard in Resources */ = {isa = PBXBuildFile; fileRef = 4C698BD526485874008E6E41 /* LaunchScreen.storyboard */; };
		4C698BE026485CBE008E6E41 /* Realm in Frameworks */ = {isa = PBXBuildFile; productRef = 4C698BDF26485CBE008E6E41 /* Realm */; };
		4C698BE226485CBE008E6E41 /* RealmSwift in Frameworks */ = {isa = PBXBuildFile; productRef = 4C698BE126485CBE008E6E41 /* RealmSwift */; };
		5F7CE0396ABDE87861387916 /* MainView.swift in Sources */ = {isa = PBXBuildFile; fileRef = 5F7CE083E28F5EFDC773D2DC /* MainView.swift */; };
		5F7CE262524FC58AE4DC347D /* CalendarHeaderView.swift in Sources */ = {isa = PBXBuildFile; fileRef = 5F7CE7BEEE74B97EA87D84F3 /* CalendarHeaderView.swift */; };
		5F7CE2BB0968872CF67043A5 /* EmptyCalendarCellView.swift in Sources */ = {isa = PBXBuildFile; fileRef = 5F7CE3AAE236AB474C69C508 /* EmptyCalendarCellView.swift */; };
		5F7CE2EFEBF4766AD5D6620B /* CalendarProvider.swift in Sources */ = {isa = PBXBuildFile; fileRef = 5F7CEC5A11F23948B3D1FE4A /* CalendarProvider.swift */; };
		5F7CE484E1EEB23777A93C41 /* MainHeaderView.swift in Sources */ = {isa = PBXBuildFile; fileRef = 5F7CE407E307802272D93513 /* MainHeaderView.swift */; };
		5F7CE4997F09C48A725D8F2B /* WeekdayPicker.swift in Sources */ = {isa = PBXBuildFile; fileRef = 5F7CE4252B64EC3890ABA465 /* WeekdayPicker.swift */; };
		5F7CE638C47A6798BE475878 /* CalendarEvent.swift in Sources */ = {isa = PBXBuildFile; fileRef = 5F7CEE1D864987D12EDC6A1C /* CalendarEvent.swift */; };
		5F7CE6E4765C82467D089393 /* CalendarCellView.swift in Sources */ = {isa = PBXBuildFile; fileRef = 5F7CE71CC5E664F476E02658 /* CalendarCellView.swift */; };
		5F7CE77D44E7AD0E581AED74 /* AmazonAPI.swift in Sources */ = {isa = PBXBuildFile; fileRef = 5F7CEFD05F56E522B3DF7CBC /* AmazonAPI.swift */; };
		5F7CE7E6F4B00C30BF3EA8B9 /* CalendarModal.swift in Sources */ = {isa = PBXBuildFile; fileRef = 5F7CE1E847886F10CE872EFB /* CalendarModal.swift */; };
		5F7CE8673DE5699B7B6F0E11 /* DateCalculaction.swift in Sources */ = {isa = PBXBuildFile; fileRef = 5F7CEA59F533A05191D885DE /* DateCalculaction.swift */; };
		5F7CE8D43A7949A938F3607A /* UIColor+Hex.swift in Sources */ = {isa = PBXBuildFile; fileRef = 5F7CEF9E105F8261178C1A73 /* UIColor+Hex.swift */; };
		5F7CEA866DA3E65DD25C39FC /* MainViewModel.swift in Sources */ = {isa = PBXBuildFile; fileRef = 5F7CECD4247A0703B5C116D0 /* MainViewModel.swift */; };
		5F7CEB1EB04D3B93870B0DD6 /* MainViewController.swift in Sources */ = {isa = PBXBuildFile; fileRef = 5F7CE0E02924FA899516C302 /* MainViewController.swift */; };
		5F7CED3768B99578526CE68C /* UIView+AutoLayouter.swift in Sources */ = {isa = PBXBuildFile; fileRef = 5F7CEDDFE4346C9ED4735CAE /* UIView+AutoLayouter.swift */; };
		5F7CEDF565A58F662E045C05 /* MainViewPresenter.swift in Sources */ = {isa = PBXBuildFile; fileRef = 5F7CEA3D5B0E791695929B81 /* MainViewPresenter.swift */; };
		5F7CEEA15379253095E38820 /* Configure.swift in Sources */ = {isa = PBXBuildFile; fileRef = 5F7CEB879F5D5BFBE87B4621 /* Configure.swift */; };
/* End PBXBuildFile section */

/* Begin PBXFileReference section */
		4C698BC726485873008E6E41 /* PaRiM.app */ = {isa = PBXFileReference; explicitFileType = wrapper.application; includeInIndex = 0; path = PaRiM.app; sourceTree = BUILT_PRODUCTS_DIR; };
		4C698BCA26485873008E6E41 /* AppDelegate.swift */ = {isa = PBXFileReference; lastKnownFileType = sourcecode.swift; path = AppDelegate.swift; sourceTree = "<group>"; };
		4C698BD326485874008E6E41 /* Assets.xcassets */ = {isa = PBXFileReference; lastKnownFileType = folder.assetcatalog; path = Assets.xcassets; sourceTree = "<group>"; };
		4C698BD626485874008E6E41 /* Base */ = {isa = PBXFileReference; lastKnownFileType = file.storyboard; name = Base; path = Base.lproj/LaunchScreen.storyboard; sourceTree = "<group>"; };
		4C698BD826485874008E6E41 /* Info.plist */ = {isa = PBXFileReference; lastKnownFileType = text.plist.xml; path = Info.plist; sourceTree = "<group>"; };
		5F7CE083E28F5EFDC773D2DC /* MainView.swift */ = {isa = PBXFileReference; fileEncoding = 4; lastKnownFileType = sourcecode.swift; path = MainView.swift; sourceTree = "<group>"; };
		5F7CE0E02924FA899516C302 /* MainViewController.swift */ = {isa = PBXFileReference; fileEncoding = 4; lastKnownFileType = sourcecode.swift; path = MainViewController.swift; sourceTree = "<group>"; };
		5F7CE1E847886F10CE872EFB /* CalendarModal.swift */ = {isa = PBXFileReference; fileEncoding = 4; lastKnownFileType = sourcecode.swift; path = CalendarModal.swift; sourceTree = "<group>"; };
		5F7CE3AAE236AB474C69C508 /* EmptyCalendarCellView.swift */ = {isa = PBXFileReference; fileEncoding = 4; lastKnownFileType = sourcecode.swift; path = EmptyCalendarCellView.swift; sourceTree = "<group>"; };
		5F7CE407E307802272D93513 /* MainHeaderView.swift */ = {isa = PBXFileReference; fileEncoding = 4; lastKnownFileType = sourcecode.swift; path = MainHeaderView.swift; sourceTree = "<group>"; };
		5F7CE4252B64EC3890ABA465 /* WeekdayPicker.swift */ = {isa = PBXFileReference; fileEncoding = 4; lastKnownFileType = sourcecode.swift; path = WeekdayPicker.swift; sourceTree = "<group>"; };
		5F7CE71CC5E664F476E02658 /* CalendarCellView.swift */ = {isa = PBXFileReference; fileEncoding = 4; lastKnownFileType = sourcecode.swift; path = CalendarCellView.swift; sourceTree = "<group>"; };
		5F7CE7BEEE74B97EA87D84F3 /* CalendarHeaderView.swift */ = {isa = PBXFileReference; fileEncoding = 4; lastKnownFileType = sourcecode.swift; path = CalendarHeaderView.swift; sourceTree = "<group>"; };
		5F7CEA3D5B0E791695929B81 /* MainViewPresenter.swift */ = {isa = PBXFileReference; fileEncoding = 4; lastKnownFileType = sourcecode.swift; path = MainViewPresenter.swift; sourceTree = "<group>"; };
		5F7CEA59F533A05191D885DE /* DateCalculaction.swift */ = {isa = PBXFileReference; fileEncoding = 4; lastKnownFileType = sourcecode.swift; path = DateCalculaction.swift; sourceTree = "<group>"; };
		5F7CEB879F5D5BFBE87B4621 /* Configure.swift */ = {isa = PBXFileReference; fileEncoding = 4; lastKnownFileType = sourcecode.swift; path = Configure.swift; sourceTree = "<group>"; };
		5F7CEC5A11F23948B3D1FE4A /* CalendarProvider.swift */ = {isa = PBXFileReference; fileEncoding = 4; lastKnownFileType = sourcecode.swift; path = CalendarProvider.swift; sourceTree = "<group>"; };
		5F7CECD4247A0703B5C116D0 /* MainViewModel.swift */ = {isa = PBXFileReference; fileEncoding = 4; lastKnownFileType = sourcecode.swift; path = MainViewModel.swift; sourceTree = "<group>"; };
		5F7CEDDFE4346C9ED4735CAE /* UIView+AutoLayouter.swift */ = {isa = PBXFileReference; fileEncoding = 4; lastKnownFileType = sourcecode.swift; path = "UIView+AutoLayouter.swift"; sourceTree = "<group>"; };
		5F7CEE1D864987D12EDC6A1C /* CalendarEvent.swift */ = {isa = PBXFileReference; fileEncoding = 4; lastKnownFileType = sourcecode.swift; path = CalendarEvent.swift; sourceTree = "<group>"; };
		5F7CEF9E105F8261178C1A73 /* UIColor+Hex.swift */ = {isa = PBXFileReference; fileEncoding = 4; lastKnownFileType = sourcecode.swift; path = "UIColor+Hex.swift"; sourceTree = "<group>"; };
		5F7CEFD05F56E522B3DF7CBC /* AmazonAPI.swift */ = {isa = PBXFileReference; fileEncoding = 4; lastKnownFileType = sourcecode.swift; path = AmazonAPI.swift; sourceTree = "<group>"; };
/* End PBXFileReference section */

/* Begin PBXFrameworksBuildPhase section */
		4C698BC426485873008E6E41 /* Frameworks */ = {
			isa = PBXFrameworksBuildPhase;
			buildActionMask = 2147483647;
			files = (
				4C698BE226485CBE008E6E41 /* RealmSwift in Frameworks */,
				4C698BE026485CBE008E6E41 /* Realm in Frameworks */,
			);
			runOnlyForDeploymentPostprocessing = 0;
		};
/* End PBXFrameworksBuildPhase section */

/* Begin PBXGroup section */
		4C698BBE26485873008E6E41 = {
			isa = PBXGroup;
			children = (
				4C698BC926485873008E6E41 /* PaRiM */,
				4C698BC826485873008E6E41 /* Products */,
			);
			sourceTree = "<group>";
		};
		4C698BC826485873008E6E41 /* Products */ = {
			isa = PBXGroup;
			children = (
				4C698BC726485873008E6E41 /* PaRiM.app */,
			);
			name = Products;
			sourceTree = "<group>";
		};
		4C698BC926485873008E6E41 /* PaRiM */ = {
			isa = PBXGroup;
			children = (
				4C698BCA26485873008E6E41 /* AppDelegate.swift */,
				4C698BD326485874008E6E41 /* Assets.xcassets */,
				4C698BD526485874008E6E41 /* LaunchScreen.storyboard */,
				4C698BD826485874008E6E41 /* Info.plist */,
				5F7CEB5DCB9B5E074E6B0070 /* Main */,
				5F7CEE3D5B13AA9C49D57D72 /* Helpers */,
				5F7CEA2E88667D157E391932 /* Network */,
				5F7CEAFEE8B9A1CBD5EFE2BF /* Objects */,
				5F7CECAED05F1C92BD290F65 /* Some */,
			);
			path = PaRiM;
			sourceTree = "<group>";
		};
		5F7CE6E39A5D2579E6077357 /* Views */ = {
			isa = PBXGroup;
			children = (
				5F7CE407E307802272D93513 /* MainHeaderView.swift */,
				5F7CE083E28F5EFDC773D2DC /* MainView.swift */,
			);
			path = Views;
			sourceTree = "<group>";
		};
		5F7CEA2E88667D157E391932 /* Network */ = {
			isa = PBXGroup;
			children = (
				5F7CEFD05F56E522B3DF7CBC /* AmazonAPI.swift */,
				5F7CEC5A11F23948B3D1FE4A /* CalendarProvider.swift */,
			);
			path = Network;
			sourceTree = "<group>";
		};
		5F7CEAFEE8B9A1CBD5EFE2BF /* Objects */ = {
			isa = PBXGroup;
			children = (
				5F7CEE1D864987D12EDC6A1C /* CalendarEvent.swift */,
			);
			path = Objects;
			sourceTree = "<group>";
		};
		5F7CEB5DCB9B5E074E6B0070 /* Main */ = {
			isa = PBXGroup;
			children = (
				5F7CE0E02924FA899516C302 /* MainViewController.swift */,
				5F7CE6E39A5D2579E6077357 /* Views */,
				5F7CECD4247A0703B5C116D0 /* MainViewModel.swift */,
				5F7CEEB8136D5B213F492BC5 /* Cells */,
				5F7CEA3D5B0E791695929B81 /* MainViewPresenter.swift */,
				5F7CECD824CD976206559D44 /* Modal */,
			);
			path = Main;
			sourceTree = "<group>";
		};
		5F7CECAED05F1C92BD290F65 /* Some */ = {
			isa = PBXGroup;
			children = (
				5F7CEA59F533A05191D885DE /* DateCalculaction.swift */,
				5F7CE4252B64EC3890ABA465 /* WeekdayPicker.swift */,
			);
			path = Some;
			sourceTree = "<group>";
		};
		5F7CECD824CD976206559D44 /* Modal */ = {
			isa = PBXGroup;
			children = (
				5F7CE1E847886F10CE872EFB /* CalendarModal.swift */,
			);
			path = Modal;
			sourceTree = "<group>";
		};
		5F7CEE3D5B13AA9C49D57D72 /* Helpers */ = {
			isa = PBXGroup;
			children = (
				5F7CEDDFE4346C9ED4735CAE /* UIView+AutoLayouter.swift */,
				5F7CEB879F5D5BFBE87B4621 /* Configure.swift */,
				5F7CEF9E105F8261178C1A73 /* UIColor+Hex.swift */,
			);
			path = Helpers;
			sourceTree = "<group>";
		};
		5F7CEEB8136D5B213F492BC5 /* Cells */ = {
			isa = PBXGroup;
			children = (
				5F7CE7BEEE74B97EA87D84F3 /* CalendarHeaderView.swift */,
				5F7CE71CC5E664F476E02658 /* CalendarCellView.swift */,
				5F7CE3AAE236AB474C69C508 /* EmptyCalendarCellView.swift */,
			);
			path = Cells;
			sourceTree = "<group>";
		};
/* End PBXGroup section */

/* Begin PBXNativeTarget section */
		4C698BC626485873008E6E41 /* PaRiM */ = {
			isa = PBXNativeTarget;
			buildConfigurationList = 4C698BDB26485874008E6E41 /* Build configuration list for PBXNativeTarget "PaRiM" */;
			buildPhases = (
				4C698BC326485873008E6E41 /* Sources */,
				4C698BC426485873008E6E41 /* Frameworks */,
				4C698BC526485873008E6E41 /* Resources */,
			);
			buildRules = (
			);
			dependencies = (
			);
			name = PaRiM;
			packageProductDependencies = (
				4C698BDF26485CBE008E6E41 /* Realm */,
				4C698BE126485CBE008E6E41 /* RealmSwift */,
			);
			productName = PaRiM;
			productReference = 4C698BC726485873008E6E41 /* PaRiM.app */;
			productType = "com.apple.product-type.application";
		};
/* End PBXNativeTarget section */

/* Begin PBXProject section */
		4C698BBF26485873008E6E41 /* Project object */ = {
			isa = PBXProject;
			attributes = {
				LastSwiftUpdateCheck = 1250;
				LastUpgradeCheck = 1250;
				TargetAttributes = {
					4C698BC626485873008E6E41 = {
						CreatedOnToolsVersion = 12.5;
					};
				};
			};
			buildConfigurationList = 4C698BC226485873008E6E41 /* Build configuration list for PBXProject "PaRiM" */;
			compatibilityVersion = "Xcode 9.3";
			developmentRegion = en;
			hasScannedForEncodings = 0;
			knownRegions = (
				en,
				Base,
			);
			mainGroup = 4C698BBE26485873008E6E41;
			packageReferences = (
				4C698BDE26485CBE008E6E41 /* XCRemoteSwiftPackageReference "realm-cocoa.git" */,
			);
			productRefGroup = 4C698BC826485873008E6E41 /* Products */;
			projectDirPath = "";
			projectRoot = "";
			targets = (
				4C698BC626485873008E6E41 /* PaRiM */,
			);
		};
/* End PBXProject section */

/* Begin PBXResourcesBuildPhase section */
		4C698BC526485873008E6E41 /* Resources */ = {
			isa = PBXResourcesBuildPhase;
			buildActionMask = 2147483647;
			files = (
				4C698BD726485874008E6E41 /* LaunchScreen.storyboard in Resources */,
				4C698BD426485874008E6E41 /* Assets.xcassets in Resources */,
			);
			runOnlyForDeploymentPostprocessing = 0;
		};
/* End PBXResourcesBuildPhase section */

/* Begin PBXSourcesBuildPhase section */
		4C698BC326485873008E6E41 /* Sources */ = {
			isa = PBXSourcesBuildPhase;
			buildActionMask = 2147483647;
			files = (
				4C698BCB26485873008E6E41 /* AppDelegate.swift in Sources */,
				5F7CEB1EB04D3B93870B0DD6 /* MainViewController.swift in Sources */,
				5F7CED3768B99578526CE68C /* UIView+AutoLayouter.swift in Sources */,
				5F7CEEA15379253095E38820 /* Configure.swift in Sources */,
				5F7CE484E1EEB23777A93C41 /* MainHeaderView.swift in Sources */,
				5F7CE0396ABDE87861387916 /* MainView.swift in Sources */,
				5F7CE8D43A7949A938F3607A /* UIColor+Hex.swift in Sources */,
				5F7CEA866DA3E65DD25C39FC /* MainViewModel.swift in Sources */,
				5F7CE262524FC58AE4DC347D /* CalendarHeaderView.swift in Sources */,
				5F7CEDF565A58F662E045C05 /* MainViewPresenter.swift in Sources */,
				5F7CE6E4765C82467D089393 /* CalendarCellView.swift in Sources */,
				5F7CE2BB0968872CF67043A5 /* EmptyCalendarCellView.swift in Sources */,
				5F7CE77D44E7AD0E581AED74 /* AmazonAPI.swift in Sources */,
				5F7CE2EFEBF4766AD5D6620B /* CalendarProvider.swift in Sources */,
				5F7CE638C47A6798BE475878 /* CalendarEvent.swift in Sources */,
				5F7CE7E6F4B00C30BF3EA8B9 /* CalendarModal.swift in Sources */,
				5F7CE8673DE5699B7B6F0E11 /* DateCalculaction.swift in Sources */,
				5F7CE4997F09C48A725D8F2B /* WeekdayPicker.swift in Sources */,
			);
			runOnlyForDeploymentPostprocessing = 0;
		};
/* End PBXSourcesBuildPhase section */

/* Begin PBXVariantGroup section */
		4C698BD526485874008E6E41 /* LaunchScreen.storyboard */ = {
			isa = PBXVariantGroup;
			children = (
				4C698BD626485874008E6E41 /* Base */,
			);
			name = LaunchScreen.storyboard;
			sourceTree = "<group>";
		};
/* End PBXVariantGroup section */

/* Begin XCBuildConfiguration section */
		4C698BD926485874008E6E41 /* Debug */ = {
			isa = XCBuildConfiguration;
			buildSettings = {
				ALWAYS_SEARCH_USER_PATHS = NO;
				CLANG_ANALYZER_NONNULL = YES;
				CLANG_ANALYZER_NUMBER_OBJECT_CONVERSION = YES_AGGRESSIVE;
				CLANG_CXX_LANGUAGE_STANDARD = "gnu++14";
				CLANG_CXX_LIBRARY = "libc++";
				CLANG_ENABLE_MODULES = YES;
				CLANG_ENABLE_OBJC_ARC = YES;
				CLANG_ENABLE_OBJC_WEAK = YES;
				CLANG_WARN_BLOCK_CAPTURE_AUTORELEASING = YES;
				CLANG_WARN_BOOL_CONVERSION = YES;
				CLANG_WARN_COMMA = YES;
				CLANG_WARN_CONSTANT_CONVERSION = YES;
				CLANG_WARN_DEPRECATED_OBJC_IMPLEMENTATIONS = YES;
				CLANG_WARN_DIRECT_OBJC_ISA_USAGE = YES_ERROR;
				CLANG_WARN_DOCUMENTATION_COMMENTS = YES;
				CLANG_WARN_EMPTY_BODY = YES;
				CLANG_WARN_ENUM_CONVERSION = YES;
				CLANG_WARN_INFINITE_RECURSION = YES;
				CLANG_WARN_INT_CONVERSION = YES;
				CLANG_WARN_NON_LITERAL_NULL_CONVERSION = YES;
				CLANG_WARN_OBJC_IMPLICIT_RETAIN_SELF = YES;
				CLANG_WARN_OBJC_LITERAL_CONVERSION = YES;
				CLANG_WARN_OBJC_ROOT_CLASS = YES_ERROR;
				CLANG_WARN_QUOTED_INCLUDE_IN_FRAMEWORK_HEADER = YES;
				CLANG_WARN_RANGE_LOOP_ANALYSIS = YES;
				CLANG_WARN_STRICT_PROTOTYPES = YES;
				CLANG_WARN_SUSPICIOUS_MOVE = YES;
				CLANG_WARN_UNGUARDED_AVAILABILITY = YES_AGGRESSIVE;
				CLANG_WARN_UNREACHABLE_CODE = YES;
				CLANG_WARN__DUPLICATE_METHOD_MATCH = YES;
				COPY_PHASE_STRIP = NO;
				DEBUG_INFORMATION_FORMAT = dwarf;
				ENABLE_STRICT_OBJC_MSGSEND = YES;
				ENABLE_TESTABILITY = YES;
				GCC_C_LANGUAGE_STANDARD = gnu11;
				GCC_DYNAMIC_NO_PIC = NO;
				GCC_NO_COMMON_BLOCKS = YES;
				GCC_OPTIMIZATION_LEVEL = 0;
				GCC_PREPROCESSOR_DEFINITIONS = (
					"DEBUG=1",
					"$(inherited)",
				);
				GCC_WARN_64_TO_32_BIT_CONVERSION = YES;
				GCC_WARN_ABOUT_RETURN_TYPE = YES_ERROR;
				GCC_WARN_UNDECLARED_SELECTOR = YES;
				GCC_WARN_UNINITIALIZED_AUTOS = YES_AGGRESSIVE;
				GCC_WARN_UNUSED_FUNCTION = YES;
				GCC_WARN_UNUSED_VARIABLE = YES;
				IPHONEOS_DEPLOYMENT_TARGET = 13.0;
				MTL_ENABLE_DEBUG_INFO = INCLUDE_SOURCE;
				MTL_FAST_MATH = YES;
				ONLY_ACTIVE_ARCH = YES;
				SDKROOT = iphoneos;
				SWIFT_ACTIVE_COMPILATION_CONDITIONS = DEBUG;
				SWIFT_OPTIMIZATION_LEVEL = "-Onone";
			};
			name = Debug;
		};
		4C698BDA26485874008E6E41 /* Release */ = {
			isa = XCBuildConfiguration;
			buildSettings = {
				ALWAYS_SEARCH_USER_PATHS = NO;
				CLANG_ANALYZER_NONNULL = YES;
				CLANG_ANALYZER_NUMBER_OBJECT_CONVERSION = YES_AGGRESSIVE;
				CLANG_CXX_LANGUAGE_STANDARD = "gnu++14";
				CLANG_CXX_LIBRARY = "libc++";
				CLANG_ENABLE_MODULES = YES;
				CLANG_ENABLE_OBJC_ARC = YES;
				CLANG_ENABLE_OBJC_WEAK = YES;
				CLANG_WARN_BLOCK_CAPTURE_AUTORELEASING = YES;
				CLANG_WARN_BOOL_CONVERSION = YES;
				CLANG_WARN_COMMA = YES;
				CLANG_WARN_CONSTANT_CONVERSION = YES;
				CLANG_WARN_DEPRECATED_OBJC_IMPLEMENTATIONS = YES;
				CLANG_WARN_DIRECT_OBJC_ISA_USAGE = YES_ERROR;
				CLANG_WARN_DOCUMENTATION_COMMENTS = YES;
				CLANG_WARN_EMPTY_BODY = YES;
				CLANG_WARN_ENUM_CONVERSION = YES;
				CLANG_WARN_INFINITE_RECURSION = YES;
				CLANG_WARN_INT_CONVERSION = YES;
				CLANG_WARN_NON_LITERAL_NULL_CONVERSION = YES;
				CLANG_WARN_OBJC_IMPLICIT_RETAIN_SELF = YES;
				CLANG_WARN_OBJC_LITERAL_CONVERSION = YES;
				CLANG_WARN_OBJC_ROOT_CLASS = YES_ERROR;
				CLANG_WARN_QUOTED_INCLUDE_IN_FRAMEWORK_HEADER = YES;
				CLANG_WARN_RANGE_LOOP_ANALYSIS = YES;
				CLANG_WARN_STRICT_PROTOTYPES = YES;
				CLANG_WARN_SUSPICIOUS_MOVE = YES;
				CLANG_WARN_UNGUARDED_AVAILABILITY = YES_AGGRESSIVE;
				CLANG_WARN_UNREACHABLE_CODE = YES;
				CLANG_WARN__DUPLICATE_METHOD_MATCH = YES;
				COPY_PHASE_STRIP = NO;
				DEBUG_INFORMATION_FORMAT = "dwarf-with-dsym";
				ENABLE_NS_ASSERTIONS = NO;
				ENABLE_STRICT_OBJC_MSGSEND = YES;
				GCC_C_LANGUAGE_STANDARD = gnu11;
				GCC_NO_COMMON_BLOCKS = YES;
				GCC_WARN_64_TO_32_BIT_CONVERSION = YES;
				GCC_WARN_ABOUT_RETURN_TYPE = YES_ERROR;
				GCC_WARN_UNDECLARED_SELECTOR = YES;
				GCC_WARN_UNINITIALIZED_AUTOS = YES_AGGRESSIVE;
				GCC_WARN_UNUSED_FUNCTION = YES;
				GCC_WARN_UNUSED_VARIABLE = YES;
				IPHONEOS_DEPLOYMENT_TARGET = 13.0;
				MTL_ENABLE_DEBUG_INFO = NO;
				MTL_FAST_MATH = YES;
				SDKROOT = iphoneos;
				SWIFT_COMPILATION_MODE = wholemodule;
				SWIFT_OPTIMIZATION_LEVEL = "-O";
				VALIDATE_PRODUCT = YES;
			};
			name = Release;
		};
		4C698BDC26485874008E6E41 /* Debug */ = {
			isa = XCBuildConfiguration;
			buildSettings = {
				ASSETCATALOG_COMPILER_APPICON_NAME = AppIcon;
				ASSETCATALOG_COMPILER_GLOBAL_ACCENT_COLOR_NAME = AccentColor;
				CODE_SIGN_STYLE = Automatic;
				DEVELOPMENT_TEAM = 639F2A946H;
				INFOPLIST_FILE = PaRiM/Info.plist;
				LD_RUNPATH_SEARCH_PATHS = (
					"$(inherited)",
					"@executable_path/Frameworks",
				);
				PRODUCT_BUNDLE_IDENTIFIER = in.gaydamak.PaRiM;
				PRODUCT_NAME = "$(TARGET_NAME)";
				SWIFT_VERSION = 5.0;
				TARGETED_DEVICE_FAMILY = "1,2";
			};
			name = Debug;
		};
		4C698BDD26485874008E6E41 /* Release */ = {
			isa = XCBuildConfiguration;
			buildSettings = {
				ASSETCATALOG_COMPILER_APPICON_NAME = AppIcon;
				ASSETCATALOG_COMPILER_GLOBAL_ACCENT_COLOR_NAME = AccentColor;
				CODE_SIGN_STYLE = Automatic;
				DEVELOPMENT_TEAM = 639F2A946H;
				INFOPLIST_FILE = PaRiM/Info.plist;
				LD_RUNPATH_SEARCH_PATHS = (
					"$(inherited)",
					"@executable_path/Frameworks",
				);
				PRODUCT_BUNDLE_IDENTIFIER = in.gaydamak.PaRiM;
				PRODUCT_NAME = "$(TARGET_NAME)";
				SWIFT_VERSION = 5.0;
				TARGETED_DEVICE_FAMILY = "1,2";
			};
			name = Release;
		};
/* End XCBuildConfiguration section */

/* Begin XCConfigurationList section */
		4C698BC226485873008E6E41 /* Build configuration list for PBXProject "PaRiM" */ = {
			isa = XCConfigurationList;
			buildConfigurations = (
				4C698BD926485874008E6E41 /* Debug */,
				4C698BDA26485874008E6E41 /* Release */,
			);
			defaultConfigurationIsVisible = 0;
			defaultConfigurationName = Release;
		};
		4C698BDB26485874008E6E41 /* Build configuration list for PBXNativeTarget "PaRiM" */ = {
			isa = XCConfigurationList;
			buildConfigurations = (
				4C698BDC26485874008E6E41 /* Debug */,
				4C698BDD26485874008E6E41 /* Release */,
			);
			defaultConfigurationIsVisible = 0;
			defaultConfigurationName = Release;
		};
/* End XCConfigurationList section */

/* Begin XCRemoteSwiftPackageReference section */
		4C698BDE26485CBE008E6E41 /* XCRemoteSwiftPackageReference "realm-cocoa.git" */ = {
			isa = XCRemoteSwiftPackageReference;
			repositoryURL = "https://github.com/realm/realm-cocoa.git";
			requirement = {
				kind = upToNextMinorVersion;
				minimumVersion = 10.7.5;
			};
		};
/* End XCRemoteSwiftPackageReference section */

/* Begin XCSwiftPackageProductDependency section */
		4C698BDF26485CBE008E6E41 /* Realm */ = {
			isa = XCSwiftPackageProductDependency;
			package = 4C698BDE26485CBE008E6E41 /* XCRemoteSwiftPackageReference "realm-cocoa.git" */;
			productName = Realm;
		};
		4C698BE126485CBE008E6E41 /* RealmSwift */ = {
			isa = XCSwiftPackageProductDependency;
			package = 4C698BDE26485CBE008E6E41 /* XCRemoteSwiftPackageReference "realm-cocoa.git" */;
			productName = RealmSwift;
		};
/* End XCSwiftPackageProductDependency section */
	};
	rootObject = 4C698BBF26485873008E6E41 /* Project object */;
}
